
Microsoft Visual Studio Solution File, Format Version 12.00
# Visual Studio 15
VisualStudioVersion = 15.0.26730.16
MinimumVisualStudioVersion = 10.0.40219.1
Project("{FAE04EC0-301F-11D3-BF4B-00C04F79EFBC}") = "ProcessGuardAPI", "ProcessGuardAPI\ProcessGuardAPI.csproj", "{6C4059C3-9660-4FCC-8360-5B84FCA0E376}"
EndProject
Global
	GlobalSection(SolutionConfigurationPlatforms) = preSolution
		Debug|Any CPU = Debug|Any CPU
		Release|Any CPU = Release|Any CPU
	EndGlobalSection
	GlobalSection(ProjectConfigurationPlatforms) = postSolution
		{6C4059C3-9660-4FCC-8360-5B84FCA0E376}.Debug|Any CPU.ActiveCfg = Debug|Any CPU
		{6C4059C3-9660-4FCC-8360-5B84FCA0E376}.Debug|Any CPU.Build.0 = Debug|Any CPU
		{6C4059C3-9660-4FCC-8360-5B84FCA0E376}.Release|Any CPU.ActiveCfg = Release|Any CPU
		{6C4059C3-9660-4FCC-8360-5B84FCA0E376}.Release|Any CPU.Build.0 = Release|Any CPU
	EndGlobalSection
	GlobalSection(SolutionProperties) = preSolution
		HideSolutionNode = FALSE
	EndGlobalSection
	GlobalSection(ExtensibilityGlobals) = postSolution
		SolutionGuid = {8CB47A9B-35C5-438B-9F77-35E63D0F4E2D}
	EndGlobalSection
EndGlobal
